
Microsoft Visual Studio Solution File, Format Version 12.00
# Visual Studio 15
VisualStudioVersion = 15.0.25807.0
MinimumVisualStudioVersion = 10.0.40219.1
Project("{2150E333-8FDC-42A3-9474-1A3956D46DE8}") = "Engine", "Engine", "{B3C9E7C3-0FD5-45CC-BBF5-54560EA3BC00}"
EndProject
Project("{2150E333-8FDC-42A3-9474-1A3956D46DE8}") = "Games", "Games", "{39934C34-4C3B-49D3-A5DF-C32CD13340AB}"
EndProject
Project("{8BC9CEB8-8B4A-11D0-8D11-00A0C91BC942}") = "UE4", "Intermediate\ProjectFiles\UE4.vcxproj", "{2411A2E8-19CE-4B0F-9986-5A46125585BD}"
EndProject
Project("{8BC9CEB8-8B4A-11D0-8D11-00A0C91BC942}") = "Pacman", "Intermediate\ProjectFiles\Pacman.vcxproj", "{66C6B48F-9211-43A8-A48E-DBE940AA9040}"
EndProject
Global
	GlobalSection(SolutionConfigurationPlatforms) = preSolution
		DebugGame Editor|HTML5 = DebugGame Editor|HTML5
		DebugGame Editor|Win32 = DebugGame Editor|Win32
		DebugGame Editor|Win64 = DebugGame Editor|Win64
		DebugGame|HTML5 = DebugGame|HTML5
		DebugGame|Win32 = DebugGame|Win32
		DebugGame|Win64 = DebugGame|Win64
		Development Editor|HTML5 = Development Editor|HTML5
		Development Editor|Win32 = Development Editor|Win32
		Development Editor|Win64 = Development Editor|Win64
		Development|HTML5 = Development|HTML5
		Development|Win32 = Development|Win32
		Development|Win64 = Development|Win64
		Shipping|HTML5 = Shipping|HTML5
		Shipping|Win32 = Shipping|Win32
		Shipping|Win64 = Shipping|Win64
	EndGlobalSection
	GlobalSection(ProjectConfigurationPlatforms) = postSolution
		{2411A2E8-19CE-4B0F-9986-5A46125585BD}.DebugGame Editor|HTML5.ActiveCfg = BuiltWithUnrealBuildTool|Win32
		{2411A2E8-19CE-4B0F-9986-5A46125585BD}.DebugGame Editor|HTML5.Build.0 = BuiltWithUnrealBuildTool|Win32
		{2411A2E8-19CE-4B0F-9986-5A46125585BD}.DebugGame Editor|Win32.ActiveCfg = BuiltWithUnrealBuildTool|Win32
		{2411A2E8-19CE-4B0F-9986-5A46125585BD}.DebugGame Editor|Win32.Build.0 = BuiltWithUnrealBuildTool|Win32
		{2411A2E8-19CE-4B0F-9986-5A46125585BD}.DebugGame Editor|Win64.ActiveCfg = BuiltWithUnrealBuildTool|Win32
		{2411A2E8-19CE-4B0F-9986-5A46125585BD}.DebugGame Editor|Win64.Build.0 = BuiltWithUnrealBuildTool|Win32
		{2411A2E8-19CE-4B0F-9986-5A46125585BD}.DebugGame|HTML5.ActiveCfg = BuiltWithUnrealBuildTool|Win32
		{2411A2E8-19CE-4B0F-9986-5A46125585BD}.DebugGame|HTML5.Build.0 = BuiltWithUnrealBuildTool|Win32
		{2411A2E8-19CE-4B0F-9986-5A46125585BD}.DebugGame|Win32.ActiveCfg = BuiltWithUnrealBuildTool|Win32
		{2411A2E8-19CE-4B0F-9986-5A46125585BD}.DebugGame|Win32.Build.0 = BuiltWithUnrealBuildTool|Win32
		{2411A2E8-19CE-4B0F-9986-5A46125585BD}.DebugGame|Win64.ActiveCfg = BuiltWithUnrealBuildTool|Win32
		{2411A2E8-19CE-4B0F-9986-5A46125585BD}.DebugGame|Win64.Build.0 = BuiltWithUnrealBuildTool|Win32
		{2411A2E8-19CE-4B0F-9986-5A46125585BD}.Development Editor|HTML5.ActiveCfg = BuiltWithUnrealBuildTool|Win32
		{2411A2E8-19CE-4B0F-9986-5A46125585BD}.Development Editor|HTML5.Build.0 = BuiltWithUnrealBuildTool|Win32
		{2411A2E8-19CE-4B0F-9986-5A46125585BD}.Development Editor|Win32.ActiveCfg = BuiltWithUnrealBuildTool|Win32
		{2411A2E8-19CE-4B0F-9986-5A46125585BD}.Development Editor|Win32.Build.0 = BuiltWithUnrealBuildTool|Win32
		{2411A2E8-19CE-4B0F-9986-5A46125585BD}.Development Editor|Win64.ActiveCfg = BuiltWithUnrealBuildTool|Win32
		{2411A2E8-19CE-4B0F-9986-5A46125585BD}.Development Editor|Win64.Build.0 = BuiltWithUnrealBuildTool|Win32
		{2411A2E8-19CE-4B0F-9986-5A46125585BD}.Development|HTML5.ActiveCfg = BuiltWithUnrealBuildTool|Win32
		{2411A2E8-19CE-4B0F-9986-5A46125585BD}.Development|HTML5.Build.0 = BuiltWithUnrealBuildTool|Win32
		{2411A2E8-19CE-4B0F-9986-5A46125585BD}.Development|Win32.ActiveCfg = BuiltWithUnrealBuildTool|Win32
		{2411A2E8-19CE-4B0F-9986-5A46125585BD}.Development|Win32.Build.0 = BuiltWithUnrealBuildTool|Win32
		{2411A2E8-19CE-4B0F-9986-5A46125585BD}.Development|Win64.ActiveCfg = BuiltWithUnrealBuildTool|Win32
		{2411A2E8-19CE-4B0F-9986-5A46125585BD}.Development|Win64.Build.0 = BuiltWithUnrealBuildTool|Win32
		{2411A2E8-19CE-4B0F-9986-5A46125585BD}.Shipping|HTML5.ActiveCfg = BuiltWithUnrealBuildTool|Win32
		{2411A2E8-19CE-4B0F-9986-5A46125585BD}.Shipping|HTML5.Build.0 = BuiltWithUnrealBuildTool|Win32
		{2411A2E8-19CE-4B0F-9986-5A46125585BD}.Shipping|Win32.ActiveCfg = BuiltWithUnrealBuildTool|Win32
		{2411A2E8-19CE-4B0F-9986-5A46125585BD}.Shipping|Win32.Build.0 = BuiltWithUnrealBuildTool|Win32
		{2411A2E8-19CE-4B0F-9986-5A46125585BD}.Shipping|Win64.ActiveCfg = BuiltWithUnrealBuildTool|Win32
		{2411A2E8-19CE-4B0F-9986-5A46125585BD}.Shipping|Win64.Build.0 = BuiltWithUnrealBuildTool|Win32
		{66C6B48F-9211-43A8-A48E-DBE940AA9040}.DebugGame Editor|HTML5.ActiveCfg = HTML5_DebugGame_Editor|Win32
		{66C6B48F-9211-43A8-A48E-DBE940AA9040}.DebugGame Editor|Win32.ActiveCfg = DebugGame_Editor|Win32
		{66C6B48F-9211-43A8-A48E-DBE940AA9040}.DebugGame Editor|Win64.ActiveCfg = DebugGame_Editor|x64
		{66C6B48F-9211-43A8-A48E-DBE940AA9040}.DebugGame Editor|Win64.Build.0 = DebugGame_Editor|x64
		{66C6B48F-9211-43A8-A48E-DBE940AA9040}.DebugGame|HTML5.ActiveCfg = HTML5_DebugGame_Game|Win32
		{66C6B48F-9211-43A8-A48E-DBE940AA9040}.DebugGame|HTML5.Build.0 = HTML5_DebugGame_Game|Win32
		{66C6B48F-9211-43A8-A48E-DBE940AA9040}.DebugGame|Win32.ActiveCfg = DebugGame_Game|Win32
		{66C6B48F-9211-43A8-A48E-DBE940AA9040}.DebugGame|Win32.Build.0 = DebugGame_Game|Win32
		{66C6B48F-9211-43A8-A48E-DBE940AA9040}.DebugGame|Win64.ActiveCfg = DebugGame_Game|x64
		{66C6B48F-9211-43A8-A48E-DBE940AA9040}.DebugGame|Win64.Build.0 = DebugGame_Game|x64
		{66C6B48F-9211-43A8-A48E-DBE940AA9040}.Development Editor|HTML5.ActiveCfg = HTML5_Development_Editor|Win32
		{66C6B48F-9211-43A8-A48E-DBE940AA9040}.Development Editor|Win32.ActiveCfg = Development_Editor|Win32
		{66C6B48F-9211-43A8-A48E-DBE940AA9040}.Development Editor|Win64.ActiveCfg = Development_Editor|x64
		{66C6B48F-9211-43A8-A48E-DBE940AA9040}.Development Editor|Win64.Build.0 = Development_Editor|x64
		{66C6B48F-9211-43A8-A48E-DBE940AA9040}.Development|HTML5.ActiveCfg = HTML5_Development_Game|Win32
		{66C6B48F-9211-43A8-A48E-DBE940AA9040}.Development|HTML5.Build.0 = HTML5_Development_Game|Win32
		{66C6B48F-9211-43A8-A48E-DBE940AA9040}.Development|Win32.ActiveCfg = Development_Game|Win32
		{66C6B48F-9211-43A8-A48E-DBE940AA9040}.Development|Win32.Build.0 = Development_Game|Win32
		{66C6B48F-9211-43A8-A48E-DBE940AA9040}.Development|Win64.ActiveCfg = Development_Game|x64
		{66C6B48F-9211-43A8-A48E-DBE940AA9040}.Development|Win64.Build.0 = Development_Game|x64
		{66C6B48F-9211-43A8-A48E-DBE940AA9040}.Shipping|HTML5.ActiveCfg = HTML5_Shipping_Game|Win32
		{66C6B48F-9211-43A8-A48E-DBE940AA9040}.Shipping|HTML5.Build.0 = HTML5_Shipping_Game|Win32
		{66C6B48F-9211-43A8-A48E-DBE940AA9040}.Shipping|Win32.ActiveCfg = Shipping_Game|Win32
		{66C6B48F-9211-43A8-A48E-DBE940AA9040}.Shipping|Win32.Build.0 = Shipping_Game|Win32
		{66C6B48F-9211-43A8-A48E-DBE940AA9040}.Shipping|Win64.ActiveCfg = Shipping_Game|x64
		{66C6B48F-9211-43A8-A48E-DBE940AA9040}.Shipping|Win64.Build.0 = Shipping_Game|x64
	EndGlobalSection
	GlobalSection(SolutionProperties) = preSolution
		HideSolutionNode = FALSE
	EndGlobalSection
	GlobalSection(NestedProjects) = preSolution
		{2411A2E8-19CE-4B0F-9986-5A46125585BD} = {B3C9E7C3-0FD5-45CC-BBF5-54560EA3BC00}
		{66C6B48F-9211-43A8-A48E-DBE940AA9040} = {39934C34-4C3B-49D3-A5DF-C32CD13340AB}
	EndGlobalSection
	GlobalSection(ExtensibilityGlobals) = postSolution
		SolutionGuid = {FB474B0B-783F-41E1-AC12-1EED1A3DA491}
	EndGlobalSection
EndGlobal
